
Microsoft Visual Studio Solution File, Format Version 12.00
# Visual Studio Version 17
VisualStudioVersion = 17.2.32630.192
MinimumVisualStudioVersion = 10.0.40219.1
Project("{888888A0-9F3D-457C-B088-3A5042F75D52}") = "PythonApp", "PythonApp\PythonApp.pyproj", "{38258789-CB39-49BC-A0B8-E85D5582E69B}"
EndProject
Global
	GlobalSection(SolutionConfigurationPlatforms) = preSolution
		Debug|Any CPU = Debug|Any CPU
		Release|Any CPU = Release|Any CPU
	EndGlobalSection
	GlobalSection(ProjectConfigurationPlatforms) = postSolution
		{38258789-CB39-49BC-A0B8-E85D5582E69B}.Debug|Any CPU.ActiveCfg = Debug|Any CPU
		{38258789-CB39-49BC-A0B8-E85D5582E69B}.Release|Any CPU.ActiveCfg = Release|Any CPU
	EndGlobalSection
	GlobalSection(SolutionProperties) = preSolution
		HideSolutionNode = FALSE
	EndGlobalSection
	GlobalSection(ExtensibilityGlobals) = postSolution
		SolutionGuid = {7A7D63C8-66FE-4210-AE52-63631622507F}
	EndGlobalSection
EndGlobal
